
Microsoft Visual Studio Solution File, Format Version 12.00
# Visual Studio Version 17
VisualStudioVersion = 17.1.32421.90
MinimumVisualStudioVersion = 10.0.40219.1
Project("{FAE04EC0-301F-11D3-BF4B-00C04F79EFBC}") = "NyxGameLauncher", "NyxGameLauncher\NyxGameLauncher.csproj", "{D6C9536B-995A-4E97-B858-F9BECC0230EE}"
EndProject
Global
	GlobalSection(SolutionConfigurationPlatforms) = preSolution
		Debug|Any CPU = Debug|Any CPU
		Release|Any CPU = Release|Any CPU
	EndGlobalSection
	GlobalSection(ProjectConfigurationPlatforms) = postSolution
		{D6C9536B-995A-4E97-B858-F9BECC0230EE}.Debug|Any CPU.ActiveCfg = Debug|Any CPU
		{D6C9536B-995A-4E97-B858-F9BECC0230EE}.Debug|Any CPU.Build.0 = Debug|Any CPU
		{D6C9536B-995A-4E97-B858-F9BECC0230EE}.Release|Any CPU.ActiveCfg = Release|Any CPU
		{D6C9536B-995A-4E97-B858-F9BECC0230EE}.Release|Any CPU.Build.0 = Release|Any CPU
	EndGlobalSection
	GlobalSection(SolutionProperties) = preSolution
		HideSolutionNode = FALSE
	EndGlobalSection
	GlobalSection(ExtensibilityGlobals) = postSolution
		SolutionGuid = {A8211D79-CC8D-4F00-BC1E-BFA386C78A83}
	EndGlobalSection
EndGlobal
